
Microsoft Visual Studio Solution File, Format Version 12.00
# Visual Studio 15
VisualStudioVersion = 15.0.27428.2037
MinimumVisualStudioVersion = 10.0.40219.1
Project("{FAE04EC0-301F-11D3-BF4B-00C04F79EFBC}") = "Abonat", "Abonat\Abonat.csproj", "{819B0DA3-5D22-4C3C-8F23-707EF6EA62FE}"
EndProject
Global
	GlobalSection(SolutionConfigurationPlatforms) = preSolution
		Debug|Any CPU = Debug|Any CPU
		Release|Any CPU = Release|Any CPU
	EndGlobalSection
	GlobalSection(ProjectConfigurationPlatforms) = postSolution
		{819B0DA3-5D22-4C3C-8F23-707EF6EA62FE}.Debug|Any CPU.ActiveCfg = Debug|Any CPU
		{819B0DA3-5D22-4C3C-8F23-707EF6EA62FE}.Debug|Any CPU.Build.0 = Debug|Any CPU
		{819B0DA3-5D22-4C3C-8F23-707EF6EA62FE}.Release|Any CPU.ActiveCfg = Release|Any CPU
		{819B0DA3-5D22-4C3C-8F23-707EF6EA62FE}.Release|Any CPU.Build.0 = Release|Any CPU
	EndGlobalSection
	GlobalSection(SolutionProperties) = preSolution
		HideSolutionNode = FALSE
	EndGlobalSection
	GlobalSection(ExtensibilityGlobals) = postSolution
		SolutionGuid = {784BE90C-D48C-4499-8934-66A1A77BC897}
	EndGlobalSection
EndGlobal
